Microsoft Visual Studio Solution File, Format Version 12.00
# Visual Studio 2012
VisualStudioVersion = 12.0.0.0
MinimumVisualStudioVersion = 10.0.0.1
Project("{FAE04EC0-301F-11D3-BF4B-00C04F79EFBC}") = "Co.GetAnchor.Sdk", "src\Co.GetAnchor.Sdk\Co.GetAnchor.Sdk.csproj", "{ECF6562E-9D73-4F96-9013-B81DD592B7B1}"
EndProject
Project("{FAE04EC0-301F-11D3-BF4B-00C04F79EFBC}") = "Co.GetAnchor.Sdk.Test", "src\Co.GetAnchor.Sdk.Test\Co.GetAnchor.Sdk.Test.csproj", "{19F1DEBC-DE5E-4517-8062-F000CD499087}"
EndProject
Global
	GlobalSection(SolutionConfigurationPlatforms) = preSolution
		Debug|Any CPU = Debug|Any CPU
		Release|Any CPU = Release|Any CPU
	EndGlobalSection
	GlobalSection(ProjectConfigurationPlatforms) = postSolution
		{ECF6562E-9D73-4F96-9013-B81DD592B7B1}.Debug|Any CPU.ActiveCfg = Debug|Any CPU
		{ECF6562E-9D73-4F96-9013-B81DD592B7B1}.Debug|Any CPU.Build.0 = Debug|Any CPU
		{ECF6562E-9D73-4F96-9013-B81DD592B7B1}.Release|Any CPU.ActiveCfg = Release|Any CPU
		{ECF6562E-9D73-4F96-9013-B81DD592B7B1}.Release|Any CPU.Build.0 = Release|Any CPU
		{19F1DEBC-DE5E-4517-8062-F000CD499087}.Debug|Any CPU.ActiveCfg = Debug|Any CPU
		{19F1DEBC-DE5E-4517-8062-F000CD499087}.Debug|Any CPU.Build.0 = Debug|Any CPU
		{19F1DEBC-DE5E-4517-8062-F000CD499087}.Release|Any CPU.ActiveCfg = Release|Any CPU
		{19F1DEBC-DE5E-4517-8062-F000CD499087}.Release|Any CPU.Build.0 = Release|Any CPU
	EndGlobalSection
	GlobalSection(SolutionProperties) = preSolution
		HideSolutionNode = FALSE
	EndGlobalSection
EndGlobal